
Microsoft Visual Studio Solution File, Format Version 12.00
# Visual Studio Version 17
VisualStudioVersion = 17.5.33502.453
MinimumVisualStudioVersion = 10.0.40219.1
Project("{FAE04EC0-301F-11D3-BF4B-00C04F79EFBC}") = "CQRSAndMediatRDemoAPI", "CQRSAndMediatRDemoAPI.csproj", "{995BEBAF-55D7-41C9-9B74-B6B55C129914}"
EndProject
Project("{2150E333-8FDC-42A3-9474-1A3956D46DE8}") = "Solution Items", "Solution Items", "{CB5C7695-5115-4150-A3CF-072F0C7AF858}"
	ProjectSection(SolutionItems) = preProject
		.editorconfig = .editorconfig
	EndProjectSection
EndProject
Global
	GlobalSection(SolutionConfigurationPlatforms) = preSolution
		Debug|Any CPU = Debug|Any CPU
		Release|Any CPU = Release|Any CPU
	EndGlobalSection
	GlobalSection(ProjectConfigurationPlatforms) = postSolution
		{995BEBAF-55D7-41C9-9B74-B6B55C129914}.Debug|Any CPU.ActiveCfg = Debug|Any CPU
		{995BEBAF-55D7-41C9-9B74-B6B55C129914}.Debug|Any CPU.Build.0 = Debug|Any CPU
		{995BEBAF-55D7-41C9-9B74-B6B55C129914}.Release|Any CPU.ActiveCfg = Release|Any CPU
		{995BEBAF-55D7-41C9-9B74-B6B55C129914}.Release|Any CPU.Build.0 = Release|Any CPU
	EndGlobalSection
	GlobalSection(SolutionProperties) = preSolution
		HideSolutionNode = FALSE
	EndGlobalSection
	GlobalSection(ExtensibilityGlobals) = postSolution
		SolutionGuid = {CC027228-96C5-4298-BFD2-203BCAE7A2AE}
	EndGlobalSection
EndGlobal
